
Microsoft Visual Studio Solution File, Format Version 12.00
# Visual Studio 2013
VisualStudioVersion = 12.0.31101.0
MinimumVisualStudioVersion = 10.0.40219.1
Project("{FAE04EC0-301F-11D3-BF4B-00C04F79EFBC}") = "DocumentDB.ConsoleApp", "DocumentDB.ConsoleApp\DocumentDB.ConsoleApp.csproj", "{857BFE15-71DB-4CA1-88E6-DD5599100049}"
EndProject
Global
	GlobalSection(SolutionConfigurationPlatforms) = preSolution
		Debug|Any CPU = Debug|Any CPU
		Release|Any CPU = Release|Any CPU
	EndGlobalSection
	GlobalSection(ProjectConfigurationPlatforms) = postSolution
		{857BFE15-71DB-4CA1-88E6-DD5599100049}.Debug|Any CPU.ActiveCfg = Debug|Any CPU
		{857BFE15-71DB-4CA1-88E6-DD5599100049}.Debug|Any CPU.Build.0 = Debug|Any CPU
		{857BFE15-71DB-4CA1-88E6-DD5599100049}.Release|Any CPU.ActiveCfg = Release|Any CPU
		{857BFE15-71DB-4CA1-88E6-DD5599100049}.Release|Any CPU.Build.0 = Release|Any CPU
	EndGlobalSection
	GlobalSection(SolutionProperties) = preSolution
		HideSolutionNode = FALSE
	EndGlobalSection
EndGlobal
